// !$*UTF8*$!
{
	archiveVersion = 1;
	classes = {
	};
	objectVersion = 46;
	objects = {

/* Begin PBXBuildFile section */
		AECC40351D2AB5AF00B1A651 /* AppDelegate.swift in Sources */ = {isa = PBXBuildFile; fileRef = AECC40341D2AB5AF00B1A651 /* AppDelegate.swift */; };
		AECC40371D2AB5AF00B1A651 /* ViewController.swift in Sources */ = {isa = PBXBuildFile; fileRef = AECC40361D2AB5AF00B1A651 /* ViewController.swift */; };
		AECC403C1D2AB5AF00B1A651 /* Assets.xcassets in Resources */ = {isa = PBXBuildFile; fileRef = AECC403B1D2AB5AF00B1A651 /* Assets.xcassets */; };
		AECC403F1D2AB5AF00B1A651 /* LaunchScreen.storyboard in Resources */ = {isa = PBXBuildFile; fileRef = AECC403D1D2AB5AF00B1A651 /* LaunchScreen.storyboard */; };
		AECC404A1D2AB5AF00B1A651 /* swift_snakeTests.swift in Sources */ = {isa = PBXBuildFile; fileRef = AECC40491D2AB5AF00B1A651 /* swift_snakeTests.swift */; };
		AECC40551D2AB5AF00B1A651 /* swift_snakeUITests.swift in Sources */ = {isa = PBXBuildFile; fileRef = AECC40541D2AB5AF00B1A651 /* swift_snakeUITests.swift */; };
		AECC40631D2AB62700B1A651 /* SnakeModel.swift in Sources */ = {isa = PBXBuildFile; fileRef = AECC40621D2AB62700B1A651 /* SnakeModel.swift */; };
		AECC40641D2AB62700B1A651 /* SnakeModel.swift in Sources */ = {isa = PBXBuildFile; fileRef = AECC40621D2AB62700B1A651 /* SnakeModel.swift */; };
		AEDB9DD91D2F5F4A008DFFD2 /* SnakeView.swift in Sources */ = {isa = PBXBuildFile; fileRef = AEDB9DD81D2F5F4A008DFFD2 /* SnakeView.swift */; };
/* End PBXBuildFile section */

/* Begin PBXContainerItemProxy section */
		AECC40461D2AB5AF00B1A651 /* PBXContainerItemProxy */ = {
			isa = PBXContainerItemProxy;
			containerPortal = AECC40291D2AB5AF00B1A651 /* Project object */;
			proxyType = 1;
			remoteGlobalIDString = AECC40301D2AB5AF00B1A651;
			remoteInfo = "swift-snake";
		};
		AECC40511D2AB5AF00B1A651 /* PBXContainerItemProxy */ = {
			isa = PBXContainerItemProxy;
			containerPortal = AECC40291D2AB5AF00B1A651 /* Project object */;
			proxyType = 1;
			remoteGlobalIDString = AECC40301D2AB5AF00B1A651;
			remoteInfo = "swift-snake";
		};
/* End PBXContainerItemProxy section */

/* Begin PBXFileReference section */
		AECC40311D2AB5AF00B1A651 /* swift-snake.app */ = {isa = PBXFileReference; explicitFileType = wrapper.application; includeInIndex = 0; path = "swift-snake.app"; sourceTree = BUILT_PRODUCTS_DIR; };
		AECC40341D2AB5AF00B1A651 /* AppDelegate.swift */ = {isa = PBXFileReference; lastKnownFileType = sourcecode.swift; path = AppDelegate.swift; sourceTree = "<group>"; };
		AECC40361D2AB5AF00B1A651 /* ViewController.swift */ = {isa = PBXFileReference; lastKnownFileType = sourcecode.swift; path = ViewController.swift; sourceTree = "<group>"; };
		AECC403B1D2AB5AF00B1A651 /* Assets.xcassets */ = {isa = PBXFileReference; lastKnownFileType = folder.assetcatalog; path = Assets.xcassets; sourceTree = "<group>"; };
		AECC403E1D2AB5AF00B1A651 /* Base */ = {isa = PBXFileReference; lastKnownFileType = file.storyboard; name = Base; path = Base.lproj/LaunchScreen.storyboard; sourceTree = "<group>"; };
		AECC40401D2AB5AF00B1A651 /* Info.plist */ = {isa = PBXFileReference; lastKnownFileType = text.plist.xml; path = Info.plist; sourceTree = "<group>"; };
		AECC40451D2AB5AF00B1A651 /* swift-snakeTests.xctest */ = {isa = PBXFileReference; explicitFileType = wrapper.cfbundle; includeInIndex = 0; path = "swift-snakeTests.xctest"; sourceTree = BUILT_PRODUCTS_DIR; };
		AECC40491D2AB5AF00B1A651 /* swift_snakeTests.swift */ = {isa = PBXFileReference; lastKnownFileType = sourcecode.swift; path = swift_snakeTests.swift; sourceTree = "<group>"; };
		AECC404B1D2AB5AF00B1A651 /* Info.plist */ = {isa = PBXFileReference; lastKnownFileType = text.plist.xml; path = Info.plist; sourceTree = "<group>"; };
		AECC40501D2AB5AF00B1A651 /* swift-snakeUITests.xctest */ = {isa = PBXFileReference; explicitFileType = wrapper.cfbundle; includeInIndex = 0; path = "swift-snakeUITests.xctest"; sourceTree = BUILT_PRODUCTS_DIR; };
		AECC40541D2AB5AF00B1A651 /* swift_snakeUITests.swift */ = {isa = PBXFileReference; lastKnownFileType = sourcecode.swift; path = swift_snakeUITests.swift; sourceTree = "<group>"; };
		AECC40561D2AB5AF00B1A651 /* Info.plist */ = {isa = PBXFileReference; lastKnownFileType = text.plist.xml; path = Info.plist; sourceTree = "<group>"; };
		AECC40621D2AB62700B1A651 /* SnakeModel.swift */ = {isa = PBXFileReference; fileEncoding = 4; lastKnownFileType = sourcecode.swift; path = SnakeModel.swift; sourceTree = "<group>"; };
		AEDB9DD81D2F5F4A008DFFD2 /* SnakeView.swift */ = {isa = PBXFileReference; fileEncoding = 4; lastKnownFileType = sourcecode.swift; path = SnakeView.swift; sourceTree = "<group>"; };
/* End PBXFileReference section */

/* Begin PBXFrameworksBuildPhase section */
		AECC402E1D2AB5AF00B1A651 /* Frameworks */ = {
			isa = PBXFrameworksBuildPhase;
			buildActionMask = 2147483647;
			files = (
			);
			runOnlyForDeploymentPostprocessing = 0;
		};
		AECC40421D2AB5AF00B1A651 /* Frameworks */ = {
			isa = PBXFrameworksBuildPhase;
			buildActionMask = 2147483647;
			files = (
			);
			runOnlyForDeploymentPostprocessing = 0;
		};
		AECC404D1D2AB5AF00B1A651 /* Frameworks */ = {
			isa = PBXFrameworksBuildPhase;
			buildActionMask = 2147483647;
			files = (
			);
			runOnlyForDeploymentPostprocessing = 0;
		};
/* End PBXFrameworksBuildPhase section */

/* Begin PBXGroup section */
		AECC40281D2AB5AF00B1A651 = {
			isa = PBXGroup;
			children = (
				AECC40331D2AB5AF00B1A651 /* swift-snake */,
				AECC40481D2AB5AF00B1A651 /* swift-snakeTests */,
				AECC40531D2AB5AF00B1A651 /* swift-snakeUITests */,
				AECC40321D2AB5AF00B1A651 /* Products */,
			);
			sourceTree = "<group>";
		};
		AECC40321D2AB5AF00B1A651 /* Products */ = {
			isa = PBXGroup;
			children = (
				AECC40311D2AB5AF00B1A651 /* swift-snake.app */,
				AECC40451D2AB5AF00B1A651 /* swift-snakeTests.xctest */,
				AECC40501D2AB5AF00B1A651 /* swift-snakeUITests.xctest */,
			);
			name = Products;
			sourceTree = "<group>";
		};
		AECC40331D2AB5AF00B1A651 /* swift-snake */ = {
			isa = PBXGroup;
			children = (
				AECC40341D2AB5AF00B1A651 /* AppDelegate.swift */,
				AECC40361D2AB5AF00B1A651 /* ViewController.swift */,
				AEDB9DD81D2F5F4A008DFFD2 /* SnakeView.swift */,
				AECC40621D2AB62700B1A651 /* SnakeModel.swift */,
				AECC403B1D2AB5AF00B1A651 /* Assets.xcassets */,
				AECC403D1D2AB5AF00B1A651 /* LaunchScreen.storyboard */,
				AECC40401D2AB5AF00B1A651 /* Info.plist */,
			);
			path = "swift-snake";
			sourceTree = "<group>";
		};
		AECC40481D2AB5AF00B1A651 /* swift-snakeTests */ = {
			isa = PBXGroup;
			children = (
				AECC40491D2AB5AF00B1A651 /* swift_snakeTests.swift */,
				AECC404B1D2AB5AF00B1A651 /* Info.plist */,
			);
			path = "swift-snakeTests";
			sourceTree = "<group>";
		};
		AECC40531D2AB5AF00B1A651 /* swift-snakeUITests */ = {
			isa = PBXGroup;
			children = (
				AECC40541D2AB5AF00B1A651 /* swift_snakeUITests.swift */,
				AECC40561D2AB5AF00B1A651 /* Info.plist */,
			);
			path = "swift-snakeUITests";
			sourceTree = "<group>";
		};
/* End PBXGroup section */

/* Begin PBXNativeTarget section */
		AECC40301D2AB5AF00B1A651 /* swift-snake */ = {
			isa = PBXNativeTarget;
			buildConfigurationList = AECC40591D2AB5AF00B1A651 /* Build configuration list for PBXNativeTarget "swift-snake" */;
			buildPhases = (
				AECC402D1D2AB5AF00B1A651 /* Sources */,
				AECC402E1D2AB5AF00B1A651 /* Frameworks */,
				AECC402F1D2AB5AF00B1A651 /* Resources */,
			);
			buildRules = (
			);
			dependencies = (
			);
			name = "swift-snake";
			productName = "swift-snake";
			productReference = AECC40311D2AB5AF00B1A651 /* swift-snake.app */;
			productType = "com.apple.product-type.application";
		};
		AECC40441D2AB5AF00B1A651 /* swift-snakeTests */ = {
			isa = PBXNativeTarget;
			buildConfigurationList = AECC405C1D2AB5AF00B1A651 /* Build configuration list for PBXNativeTarget "swift-snakeTests" */;
			buildPhases = (
				AECC40411D2AB5AF00B1A651 /* Sources */,
				AECC40421D2AB5AF00B1A651 /* Frameworks */,
				AECC40431D2AB5AF00B1A651 /* Resources */,
			);
			buildRules = (
			);
			dependencies = (
				AECC40471D2AB5AF00B1A651 /* PBXTargetDependency */,
			);
			name = "swift-snakeTests";
			productName = "swift-snakeTests";
			productReference = AECC40451D2AB5AF00B1A651 /* swift-snakeTests.xctest */;
			productType = "com.apple.product-type.bundle.unit-test";
		};
		AECC404F1D2AB5AF00B1A651 /* swift-snakeUITests */ = {
			isa = PBXNativeTarget;
			buildConfigurationList = AECC405F1D2AB5AF00B1A651 /* Build configuration list for PBXNativeTarget "swift-snakeUITests" */;
			buildPhases = (
				AECC404C1D2AB5AF00B1A651 /* Sources */,
				AECC404D1D2AB5AF00B1A651 /* Frameworks */,
				AECC404E1D2AB5AF00B1A651 /* Resources */,
			);
			buildRules = (
			);
			dependencies = (
				AECC40521D2AB5AF00B1A651 /* PBXTargetDependency */,
			);
			name = "swift-snakeUITests";
			productName = "swift-snakeUITests";
			productReference = AECC40501D2AB5AF00B1A651 /* swift-snakeUITests.xctest */;
			productType = "com.apple.product-type.bundle.ui-testing";
		};
/* End PBXNativeTarget section */

/* Begin PBXProject section */
		AECC40291D2AB5AF00B1A651 /* Project object */ = {
			isa = PBXProject;
			attributes = {
				LastSwiftUpdateCheck = 0730;
				LastUpgradeCheck = 0730;
				ORGANIZATIONNAME = "Weihang Lo";
				TargetAttributes = {
					AECC40301D2AB5AF00B1A651 = {
						CreatedOnToolsVersion = 7.3.1;
					};
					AECC40441D2AB5AF00B1A651 = {
						CreatedOnToolsVersion = 7.3.1;
						TestTargetID = AECC40301D2AB5AF00B1A651;
					};
					AECC404F1D2AB5AF00B1A651 = {
						CreatedOnToolsVersion = 7.3.1;
						TestTargetID = AECC40301D2AB5AF00B1A651;
					};
				};
			};
			buildConfigurationList = AECC402C1D2AB5AF00B1A651 /* Build configuration list for PBXProject "swift-snake" */;
			compatibilityVersion = "Xcode 3.2";
			developmentRegion = English;
			hasScannedForEncodings = 0;
			knownRegions = (
				en,
				Base,
			);
			mainGroup = AECC40281D2AB5AF00B1A651;
			productRefGroup = AECC40321D2AB5AF00B1A651 /* Products */;
			projectDirPath = "";
			projectRoot = "";
			targets = (
				AECC40301D2AB5AF00B1A651 /* swift-snake */,
				AECC40441D2AB5AF00B1A651 /* swift-snakeTests */,
				AECC404F1D2AB5AF00B1A651 /* swift-snakeUITests */,
			);
		};
/* End PBXProject section */

/* Begin PBXResourcesBuildPhase section */
		AECC402F1D2AB5AF00B1A651 /* Resources */ = {
			isa = PBXResourcesBuildPhase;
			buildActionMask = 2147483647;
			files = (
				AECC403F1D2AB5AF00B1A651 /* LaunchScreen.storyboard in Resources */,
				AECC403C1D2AB5AF00B1A651 /* Assets.xcassets in Resources */,
			);
			runOnlyForDeploymentPostprocessing = 0;
		};
		AECC40431D2AB5AF00B1A651 /* Resources */ = {
			isa = PBXResourcesBuildPhase;
			buildActionMask = 2147483647;
			files = (
			);
			runOnlyForDeploymentPostprocessing = 0;
		};
		AECC404E1D2AB5AF00B1A651 /* Resources */ = {
			isa = PBXResourcesBuildPhase;
			buildActionMask = 2147483647;
			files = (
			);
			runOnlyForDeploymentPostprocessing = 0;
		};
/* End PBXResourcesBuildPhase section */

/* Begin PBXSourcesBuildPhase section */
		AECC402D1D2AB5AF00B1A651 /* Sources */ = {
			isa = PBXSourcesBuildPhase;
			buildActionMask = 2147483647;
			files = (
				AECC40371D2AB5AF00B1A651 /* ViewController.swift in Sources */,
				AECC40631D2AB62700B1A651 /* SnakeModel.swift in Sources */,
				AECC40351D2AB5AF00B1A651 /* AppDelegate.swift in Sources */,
				AEDB9DD91D2F5F4A008DFFD2 /* SnakeView.swift in Sources */,
			);
			runOnlyForDeploymentPostprocessing = 0;
		};
		AECC40411D2AB5AF00B1A651 /* Sources */ = {
			isa = PBXSourcesBuildPhase;
			buildActionMask = 2147483647;
			files = (
				AECC40641D2AB62700B1A651 /* SnakeModel.swift in Sources */,
				AECC404A1D2AB5AF00B1A651 /* swift_snakeTests.swift in Sources */,
			);
			runOnlyForDeploymentPostprocessing = 0;
		};
		AECC404C1D2AB5AF00B1A651 /* Sources */ = {
			isa = PBXSourcesBuildPhase;
			buildActionMask = 2147483647;
			files = (
				AECC40551D2AB5AF00B1A651 /* swift_snakeUITests.swift in Sources */,
			);
			runOnlyForDeploymentPostprocessing = 0;
		};
/* End PBXSourcesBuildPhase section */

/* Begin PBXTargetDependency section */
		AECC40471D2AB5AF00B1A651 /* PBXTargetDependency */ = {
			isa = PBXTargetDependency;
			target = AECC40301D2AB5AF00B1A651 /* swift-snake */;
			targetProxy = AECC40461D2AB5AF00B1A651 /* PBXContainerItemProxy */;
		};
		AECC40521D2AB5AF00B1A651 /* PBXTargetDependency */ = {
			isa = PBXTargetDependency;
			target = AECC40301D2AB5AF00B1A651 /* swift-snake */;
			targetProxy = AECC40511D2AB5AF00B1A651 /* PBXContainerItemProxy */;
		};
/* End PBXTargetDependency section */

/* Begin PBXVariantGroup section */
		AECC403D1D2AB5AF00B1A651 /* LaunchScreen.storyboard */ = {
			isa = PBXVariantGroup;
			children = (
				AECC403E1D2AB5AF00B1A651 /* Base */,
			);
			name = LaunchScreen.storyboard;
			sourceTree = "<group>";
		};
/* End PBXVariantGroup section */

/* Begin XCBuildConfiguration section */
		AECC40571D2AB5AF00B1A651 /* Debug */ = {
			isa = XCBuildConfiguration;
			buildSettings = {
				ALWAYS_SEARCH_USER_PATHS = NO;
				CLANG_ANALYZER_NONNULL = YES;
				CLANG_CXX_LANGUAGE_STANDARD = "gnu++0x";
				CLANG_CXX_LIBRARY = "libc++";
				CLANG_ENABLE_MODULES = YES;
				CLANG_ENABLE_OBJC_ARC = YES;
				CLANG_WARN_BOOL_CONVERSION = YES;
				CLANG_WARN_CONSTANT_CONVERSION = YES;
				CLANG_WARN_DIRECT_OBJC_ISA_USAGE = YES_ERROR;
				CLANG_WARN_EMPTY_BODY = YES;
				CLANG_WARN_ENUM_CONVERSION = YES;
				CLANG_WARN_INT_CONVERSION = YES;
				CLANG_WARN_OBJC_ROOT_CLASS = YES_ERROR;
				CLANG_WARN_UNREACHABLE_CODE = YES;
				CLANG_WARN__DUPLICATE_METHOD_MATCH = YES;
				"CODE_SIGN_IDENTITY[sdk=iphoneos*]" = "iPhone Developer";
				COPY_PHASE_STRIP = NO;
				DEBUG_INFORMATION_FORMAT = dwarf;
				ENABLE_STRICT_OBJC_MSGSEND = YES;
				ENABLE_TESTABILITY = YES;
				GCC_C_LANGUAGE_STANDARD = gnu99;
				GCC_DYNAMIC_NO_PIC = NO;
				GCC_NO_COMMON_BLOCKS = YES;
				GCC_OPTIMIZATION_LEVEL = 0;
				GCC_PREPROCESSOR_DEFINITIONS = (
					"DEBUG=1",
					"$(inherited)",
				);
				GCC_WARN_64_TO_32_BIT_CONVERSION = YES;
				GCC_WARN_ABOUT_RETURN_TYPE = YES_ERROR;
				GCC_WARN_UNDECLARED_SELECTOR = YES;
				GCC_WARN_UNINITIALIZED_AUTOS = YES_AGGRESSIVE;
				GCC_WARN_UNUSED_FUNCTION = YES;
				GCC_WARN_UNUSED_VARIABLE = YES;
				IPHONEOS_DEPLOYMENT_TARGET = 9.3;
				MTL_ENABLE_DEBUG_INFO = YES;
				ONLY_ACTIVE_ARCH = YES;
				SDKROOT = iphoneos;
				SWIFT_OPTIMIZATION_LEVEL = "-Onone";
				TARGETED_DEVICE_FAMILY = "1,2";
			};
			name = Debug;
		};
		AECC40581D2AB5AF00B1A651 /* Release */ = {
			isa = XCBuildConfiguration;
			buildSettings = {
				ALWAYS_SEARCH_USER_PATHS = NO;
				CLANG_ANALYZER_NONNULL = YES;
				CLANG_CXX_LANGUAGE_STANDARD = "gnu++0x";
				CLANG_CXX_LIBRARY = "libc++";
				CLANG_ENABLE_MODULES = YES;
				CLANG_ENABLE_OBJC_ARC = YES;
				CLANG_WARN_BOOL_CONVERSION = YES;
				CLANG_WARN_CONSTANT_CONVERSION = YES;
				CLANG_WARN_DIRECT_OBJC_ISA_USAGE = YES_ERROR;
				CLANG_WARN_EMPTY_BODY = YES;
				CLANG_WARN_ENUM_CONVERSION = YES;
				CLANG_WARN_INT_CONVERSION = YES;
				CLANG_WARN_OBJC_ROOT_CLASS = YES_ERROR;
				CLANG_WARN_UNREACHABLE_CODE = YES;
				CLANG_WARN__DUPLICATE_METHOD_MATCH = YES;
				"CODE_SIGN_IDENTITY[sdk=iphoneos*]" = "iPhone Developer";
				COPY_PHASE_STRIP = NO;
				DEBUG_INFORMATION_FORMAT = "dwarf-with-dsym";
				ENABLE_NS_ASSERTIONS = NO;
				ENABLE_STRICT_OBJC_MSGSEND = YES;
				GCC_C_LANGUAGE_STANDARD = gnu99;
				GCC_NO_COMMON_BLOCKS = YES;
				GCC_WARN_64_TO_32_BIT_CONVERSION = YES;
				GCC_WARN_ABOUT_RETURN_TYPE = YES_ERROR;
				GCC_WARN_UNDECLARED_SELECTOR = YES;
				GCC_WARN_UNINITIALIZED_AUTOS = YES_AGGRESSIVE;
				GCC_WARN_UNUSED_FUNCTION = YES;
				GCC_WARN_UNUSED_VARIABLE = YES;
				IPHONEOS_DEPLOYMENT_TARGET = 9.3;
				MTL_ENABLE_DEBUG_INFO = NO;
				SDKROOT = iphoneos;
				TARGETED_DEVICE_FAMILY = "1,2";
				VALIDATE_PRODUCT = YES;
			};
			name = Release;
		};
		AECC405A1D2AB5AF00B1A651 /* Debug */ = {
			isa = XCBuildConfiguration;
			buildSettings = {
				ASSETCATALOG_COMPILER_APPICON_NAME = AppIcon;
				INFOPLIST_FILE = "swift-snake/Info.plist";
				LD_RUNPATH_SEARCH_PATHS = "$(inherited) @executable_path/Frameworks";
				PRODUCT_BUNDLE_IDENTIFIER = "io.weihanglo.swift-snake";
				PRODUCT_NAME = "$(TARGET_NAME)";
			};
			name = Debug;
		};
		AECC405B1D2AB5AF00B1A651 /* Release */ = {
			isa = XCBuildConfiguration;
			buildSettings = {
				ASSETCATALOG_COMPILER_APPICON_NAME = AppIcon;
				INFOPLIST_FILE = "swift-snake/Info.plist";
				LD_RUNPATH_SEARCH_PATHS = "$(inherited) @executable_path/Frameworks";
				PRODUCT_BUNDLE_IDENTIFIER = "io.weihanglo.swift-snake";
				PRODUCT_NAME = "$(TARGET_NAME)";
			};
			name = Release;
		};
		AECC405D1D2AB5AF00B1A651 /* Debug */ = {
			isa = XCBuildConfiguration;
			buildSettings = {
				BUNDLE_LOADER = "$(TEST_HOST)";
				INFOPLIST_FILE = "swift-snakeTests/Info.plist";
				LD_RUNPATH_SEARCH_PATHS = "$(inherited) @executable_path/Frameworks @loader_path/Frameworks";
				PRODUCT_BUNDLE_IDENTIFIER = "io.weihanglo.swift-snakeTests";
				PRODUCT_NAME = "$(TARGET_NAME)";
				TEST_HOST = "$(BUILT_PRODUCTS_DIR)/swift-snake.app/swift-snake";
			};
			name = Debug;
		};
		AECC405E1D2AB5AF00B1A651 /* Release */ = {
			isa = XCBuildConfiguration;
			buildSettings = {
				BUNDLE_LOADER = "$(TEST_HOST)";
				INFOPLIST_FILE = "swift-snakeTests/Info.plist";
				LD_RUNPATH_SEARCH_PATHS = "$(inherited) @executable_path/Frameworks @loader_path/Frameworks";
				PRODUCT_BUNDLE_IDENTIFIER = "io.weihanglo.swift-snakeTests";
				PRODUCT_NAME = "$(TARGET_NAME)";
				TEST_HOST = "$(BUILT_PRODUCTS_DIR)/swift-snake.app/swift-snake";
			};
			name = Release;
		};
		AECC40601D2AB5AF00B1A651 /* Debug */ = {
			isa = XCBuildConfiguration;
			buildSettings = {
				INFOPLIST_FILE = "swift-snakeUITests/Info.plist";
				LD_RUNPATH_SEARCH_PATHS = "$(inherited) @executable_path/Frameworks @loader_path/Frameworks";
				PRODUCT_BUNDLE_IDENTIFIER = "io.weihanglo.swift-snakeUITests";
				PRODUCT_NAME = "$(TARGET_NAME)";
				TEST_TARGET_NAME = "swift-snake";
			};
			name = Debug;
		};
		AECC40611D2AB5AF00B1A651 /* Release */ = {
			isa = XCBuildConfiguration;
			buildSettings = {
				INFOPLIST_FILE = "swift-snakeUITests/Info.plist";
				LD_RUNPATH_SEARCH_PATHS = "$(inherited) @executable_path/Frameworks @loader_path/Frameworks";
				PRODUCT_BUNDLE_IDENTIFIER = "io.weihanglo.swift-snakeUITests";
				PRODUCT_NAME = "$(TARGET_NAME)";
				TEST_TARGET_NAME = "swift-snake";
			};
			name = Release;
		};
/* End XCBuildConfiguration section */

/* Begin XCConfigurationList section */
		AECC402C1D2AB5AF00B1A651 /* Build configuration list for PBXProject "swift-snake" */ = {
			isa = XCConfigurationList;
			buildConfigurations = (
				AECC40571D2AB5AF00B1A651 /* Debug */,
				AECC40581D2AB5AF00B1A651 /* Release */,
			);
			defaultConfigurationIsVisible = 0;
			defaultConfigurationName = Release;
		};
		AECC40591D2AB5AF00B1A651 /* Build configuration list for PBXNativeTarget "swift-snake" */ = {
			isa = XCConfigurationList;
			buildConfigurations = (
				AECC405A1D2AB5AF00B1A651 /* Debug */,
				AECC405B1D2AB5AF00B1A651 /* Release */,
			);
			defaultConfigurationIsVisible = 0;
			defaultConfigurationName = Release;
		};
		AECC405C1D2AB5AF00B1A651 /* Build configuration list for PBXNativeTarget "swift-snakeTests" */ = {
			isa = XCConfigurationList;
			buildConfigurations = (
				AECC405D1D2AB5AF00B1A651 /* Debug */,
				AECC405E1D2AB5AF00B1A651 /* Release */,
			);
			defaultConfigurationIsVisible = 0;
			defaultConfigurationName = Release;
		};
		AECC405F1D2AB5AF00B1A651 /* Build configuration list for PBXNativeTarget "swift-snakeUITests" */ = {
			isa = XCConfigurationList;
			buildConfigurations = (
				AECC40601D2AB5AF00B1A651 /* Debug */,
				AECC40611D2AB5AF00B1A651 /* Release */,
			);
			defaultConfigurationIsVisible = 0;
			defaultConfigurationName = Release;
		};
/* End XCConfigurationList section */
	};
	rootObject = AECC40291D2AB5AF00B1A651 /* Project object */;
}
